
Microsoft Visual Studio Solution File, Format Version 12.00
# Visual Studio Version 16
VisualStudioVersion = 16.0.29001.49
MinimumVisualStudioVersion = 10.0.40219.1
Project("{FAE04EC0-301F-11D3-BF4B-00C04F79EFBC}") = "UI", "B19Ex05 LidorTevet 312465040 SaharHagbi 308145853\UI.csproj", "{2643763F-9ED5-437E-9AC2-867BB83040F4}"
EndProject
Project("{FAE04EC0-301F-11D3-BF4B-00C04F79EFBC}") = "OthelloLogic", "OthelloLogic\OthelloLogic.csproj", "{D3956C6A-D232-4645-B485-E5E89BA27AE5}"
EndProject
Project("{2150E333-8FDC-42A3-9474-1A3956D46DE8}") = "Solution Items", "Solution Items", "{311FB555-526F-47C1-95E0-2540012A139A}"
	ProjectSection(SolutionItems) = preProject
		TextFile1.txt = TextFile1.txt
	EndProjectSection
EndProject
Global
	GlobalSection(SolutionConfigurationPlatforms) = preSolution
		Debug|Any CPU = Debug|Any CPU
		Release|Any CPU = Release|Any CPU
	EndGlobalSection
	GlobalSection(ProjectConfigurationPlatforms) = postSolution
		{2643763F-9ED5-437E-9AC2-867BB83040F4}.Debug|Any CPU.ActiveCfg = Debug|Any CPU
		{2643763F-9ED5-437E-9AC2-867BB83040F4}.Debug|Any CPU.Build.0 = Debug|Any CPU
		{2643763F-9ED5-437E-9AC2-867BB83040F4}.Release|Any CPU.ActiveCfg = Release|Any CPU
		{2643763F-9ED5-437E-9AC2-867BB83040F4}.Release|Any CPU.Build.0 = Release|Any CPU
		{D3956C6A-D232-4645-B485-E5E89BA27AE5}.Debug|Any CPU.ActiveCfg = Debug|Any CPU
		{D3956C6A-D232-4645-B485-E5E89BA27AE5}.Debug|Any CPU.Build.0 = Debug|Any CPU
		{D3956C6A-D232-4645-B485-E5E89BA27AE5}.Release|Any CPU.ActiveCfg = Release|Any CPU
		{D3956C6A-D232-4645-B485-E5E89BA27AE5}.Release|Any CPU.Build.0 = Release|Any CPU
	EndGlobalSection
	GlobalSection(SolutionProperties) = preSolution
		HideSolutionNode = FALSE
	EndGlobalSection
	GlobalSection(ExtensibilityGlobals) = postSolution
		SolutionGuid = {4855DBAC-7F4A-4595-9A20-9261B46F024F}
	EndGlobalSection
EndGlobal
